{
  "name": "monopolymoney",
  "version": "1.0.0",
  "lockfileVersion": 1,
  "requires": true,
  "dependencies": {
    "classcat": {
      "version": "3.2.5",
      "resolved": "https://registry.npmjs.org/classcat/-/classcat-3.2.5.tgz",
      "integrity": "sha512-exme+Vc60aBW3KbPcVg+t7P2qsA5EXxYjD4ivpB2i+bAclFqtbchE4z7/Wj5A2eoKKi4jO+T+Da5zwS/Jw55Kw==",
      "dev": true
    },
    "hyperapp": {
      "version": "1.2.9",
      "resolved": "https://registry.npmjs.org/hyperapp/-/hyperapp-1.2.9.tgz",
      "integrity": "sha512-bIzi12am7pyQ5nc2qnQpN6GWonjdJp+AghY7j9H9L0vccM1OQ3Cqn13cZlmS9KYm91Nf9fwF4KjvbQekFBxHVw=="
    }
  }
}
