# THIS IS AN AUTOGENERATED FILE. DO NOT EDIT THIS FILE DIRECTLY.
# yarn lockfile v1


classcat@^3.2.5:
  version "3.2.5"
  resolved "https://registry.yarnpkg.com/classcat/-/classcat-3.2.5.tgz#bf4271dee0c93fdf132bc127f5d0432d35245888"
  integrity sha512-exme+Vc60aBW3KbPcVg+t7P2qsA5EXxYjD4ivpB2i+bAclFqtbchE4z7/Wj5A2eoKKi4jO+T+Da5zwS/Jw55Kw==

hyperapp@^1.2.9:
  version "1.2.9"
  resolved "https://registry.yarnpkg.com/hyperapp/-/hyperapp-1.2.9.tgz#a17ec09634968a5fa5f6b7d649e7a03d9680fcf2"
  integrity sha512-bIzi12am7pyQ5nc2qnQpN6GWonjdJp+AghY7j9H9L0vccM1OQ3Cqn13cZlmS9KYm91Nf9fwF4KjvbQekFBxHVw==
